
Microsoft Visual Studio Solution File, Format Version 12.00
Project("{FAE04EC0-301F-11D3-BF4B-00C04F79EFBC}") = "CakeBuild", "CakeBuild\CakeBuild.csproj", "{84A172C2-5197-4C8F-86A9-DD27A1A7F1FE}"
EndProject
Project("{FAE04EC0-301F-11D3-BF4B-00C04F79EFBC}") = "Clinic", "Clinic\Clinic.csproj", "{1549C0A7-B3C1-4E5D-9495-B3F4A1F502C6}"
EndProject
Global
	GlobalSection(SolutionConfigurationPlatforms) = preSolution
		Debug|Any CPU = Debug|Any CPU
		Release|Any CPU = Release|Any CPU
	EndGlobalSection
	GlobalSection(ProjectConfigurationPlatforms) = postSolution
		{84A172C2-5197-4C8F-86A9-DD27A1A7F1FE}.Debug|Any CPU.ActiveCfg = Debug|Any CPU
		{84A172C2-5197-4C8F-86A9-DD27A1A7F1FE}.Debug|Any CPU.Build.0 = Debug|Any CPU
		{84A172C2-5197-4C8F-86A9-DD27A1A7F1FE}.Release|Any CPU.ActiveCfg = Release|Any CPU
		{84A172C2-5197-4C8F-86A9-DD27A1A7F1FE}.Release|Any CPU.Build.0 = Release|Any CPU
		{1549C0A7-B3C1-4E5D-9495-B3F4A1F502C6}.Debug|Any CPU.ActiveCfg = Debug|Any CPU
		{1549C0A7-B3C1-4E5D-9495-B3F4A1F502C6}.Debug|Any CPU.Build.0 = Debug|Any CPU
		{1549C0A7-B3C1-4E5D-9495-B3F4A1F502C6}.Release|Any CPU.ActiveCfg = Release|Any CPU
		{1549C0A7-B3C1-4E5D-9495-B3F4A1F502C6}.Release|Any CPU.Build.0 = Release|Any CPU
	EndGlobalSection
EndGlobal
